{
  "name": "assets",
  "version": "1.0.0",
  "lockfileVersion": 2,
  "requires": true,
  "packages": {
    "": {
      "name": "assets",
      "version": "1.0.0",
      "dependencies": {
        "alpinejs": "^3.13.0",
        "chart.js": "^4.4.0"
      }
    },
    "node_modules/@kurkle/color": {
      "version": "0.3.4",
      "license": "MIT"
    },
    "node_modules/@vue/reactivity": {
      "version": "3.1.5",
      "license": "MIT",
      "dependencies": {
        "@vue/shared": "3.1.5"
      }
    },
    "node_modules/@vue/shared": {
      "version": "3.1.5",
      "license": "MIT"
    },
    "node_modules/alpinejs": {
      "version": "3.15.0",
      "license": "MIT",
      "dependencies": {
        "@vue/reactivity": "~3.1.1"
      }
    },
    "node_modules/chart.js": {
      "version": "4.5.0",
      "license": "MIT",
      "dependencies": {
        "@kurkle/color": "^0.3.0"
      },
      "engines": {
        "pnpm": ">=8"
      }
    }
  },
  "dependencies": {
    "@kurkle/color": {
      "version": "0.3.4"
    },
    "@vue/reactivity": {
      "version": "3.1.5",
      "requires": {
        "@vue/shared": "3.1.5"
      }
    },
    "@vue/shared": {
      "version": "3.1.5"
    },
    "alpinejs": {
      "version": "3.15.0",
      "requires": {
        "@vue/reactivity": "~3.1.1"
      }
    },
    "chart.js": {
      "version": "4.5.0",
      "requires": {
        "@kurkle/color": "^0.3.0"
      }
    }
  }
}
